// !$*UTF8*$!
{
	archiveVersion = 1;
	classes = {
	};
	objectVersion = 50;
	objects = {

/* Begin PBXBuildFile section */
		DA3BA96320C049F500AED1A6 /* AppDelegate.swift in Sources */ = {isa = PBXBuildFile; fileRef = DA3BA96220C049F500AED1A6 /* AppDelegate.swift */; };
		DA3BA96520C049F500AED1A6 /* ViewController.swift in Sources */ = {isa = PBXBuildFile; fileRef = DA3BA96420C049F500AED1A6 /* ViewController.swift */; };
		DA3BA96720C049F900AED1A6 /* Assets.xcassets in Resources */ = {isa = PBXBuildFile; fileRef = DA3BA96620C049F900AED1A6 /* Assets.xcassets */; };
		DA3BA96A20C049F900AED1A6 /* Main.storyboard in Resources */ = {isa = PBXBuildFile; fileRef = DA3BA96820C049F900AED1A6 /* Main.storyboard */; };
		DA3BA98220C151BB00AED1A6 /* Magnet.framework in Frameworks */ = {isa = PBXBuildFile; fileRef = DA3BA98020C1518A00AED1A6 /* Magnet.framework */; };
		DA3BA98320C151BB00AED1A6 /* Magnet.framework in Embed Frameworks */ = {isa = PBXBuildFile; fileRef = DA3BA98020C1518A00AED1A6 /* Magnet.framework */; settings = {ATTRIBUTES = (CodeSignOnCopy, RemoveHeadersOnCopy, ); }; };
		DA3BA98620C151C800AED1A6 /* Magnet.framework.dSYM in CopyFiles */ = {isa = PBXBuildFile; fileRef = DA3BA98520C151C800AED1A6 /* Magnet.framework.dSYM */; };
		DA3BA98920C16A3600AED1A6 /* Preferences.storyboard in Resources */ = {isa = PBXBuildFile; fileRef = DA3BA98820C16A3600AED1A6 /* Preferences.storyboard */; };
		DA3BA98B20C170B300AED1A6 /* PreferencesViewController.swift in Sources */ = {isa = PBXBuildFile; fileRef = DA3BA98A20C170B300AED1A6 /* PreferencesViewController.swift */; };
		DA3BA98D20C1721600AED1A6 /* PreferencesWindowController.swift in Sources */ = {isa = PBXBuildFile; fileRef = DA3BA98C20C1721600AED1A6 /* PreferencesWindowController.swift */; };
		DACE048320C1E96300AEBE55 /* ClipboardHistory.storyboard in Resources */ = {isa = PBXBuildFile; fileRef = DACE048220C1E96300AEBE55 /* ClipboardHistory.storyboard */; };
		DACE048520C1EE2F00AEBE55 /* ClipboardHistoryViewController.swift in Sources */ = {isa = PBXBuildFile; fileRef = DACE048420C1EE2F00AEBE55 /* ClipboardHistoryViewController.swift */; };
		DACE048720C1EEBF00AEBE55 /* ClipboardHistoryWindowController.swift in Sources */ = {isa = PBXBuildFile; fileRef = DACE048620C1EEBF00AEBE55 /* ClipboardHistoryWindowController.swift */; };
/* End PBXBuildFile section */

/* Begin PBXCopyFilesBuildPhase section */
		DA3BA97C20C134AB00AED1A6 /* CopyFiles */ = {
			isa = PBXCopyFilesBuildPhase;
			buildActionMask = 2147483647;
			dstPath = "";
			dstSubfolderSpec = 16;
			files = (
				DA3BA98620C151C800AED1A6 /* Magnet.framework.dSYM in CopyFiles */,
			);
			runOnlyForDeploymentPostprocessing = 0;
		};
		DA3BA98420C151BB00AED1A6 /* Embed Frameworks */ = {
			isa = PBXCopyFilesBuildPhase;
			buildActionMask = 2147483647;
			dstPath = "";
			dstSubfolderSpec = 10;
			files = (
				DA3BA98320C151BB00AED1A6 /* Magnet.framework in Embed Frameworks */,
			);
			name = "Embed Frameworks";
			runOnlyForDeploymentPostprocessing = 0;
		};
/* End PBXCopyFilesBuildPhase section */

/* Begin PBXFileReference section */
		DA3BA95F20C049F500AED1A6 /* ClipHistory.app */ = {isa = PBXFileReference; explicitFileType = wrapper.application; includeInIndex = 0; path = ClipHistory.app; sourceTree = BUILT_PRODUCTS_DIR; };
		DA3BA96220C049F500AED1A6 /* AppDelegate.swift */ = {isa = PBXFileReference; lastKnownFileType = sourcecode.swift; path = AppDelegate.swift; sourceTree = "<group>"; };
		DA3BA96420C049F500AED1A6 /* ViewController.swift */ = {isa = PBXFileReference; lastKnownFileType = sourcecode.swift; path = ViewController.swift; sourceTree = "<group>"; };
		DA3BA96620C049F900AED1A6 /* Assets.xcassets */ = {isa = PBXFileReference; lastKnownFileType = folder.assetcatalog; path = Assets.xcassets; sourceTree = "<group>"; };
		DA3BA96920C049F900AED1A6 /* Base */ = {isa = PBXFileReference; lastKnownFileType = file.storyboard; name = Base; path = Base.lproj/Main.storyboard; sourceTree = "<group>"; };
		DA3BA96B20C049F900AED1A6 /* Info.plist */ = {isa = PBXFileReference; lastKnownFileType = text.plist.xml; path = Info.plist; sourceTree = "<group>"; };
		DA3BA96C20C049F900AED1A6 /* ClipHistory.entitlements */ = {isa = PBXFileReference; lastKnownFileType = text.plist.entitlements; path = ClipHistory.entitlements; sourceTree = "<group>"; };
		DA3BA98020C1518A00AED1A6 /* Magnet.framework */ = {isa = PBXFileReference; lastKnownFileType = wrapper.framework; name = Magnet.framework; path = Carthage/Build/Mac/Magnet.framework; sourceTree = "<group>"; };
		DA3BA98120C1519A00AED1A6 /* Magnet.framework */ = {isa = PBXFileReference; lastKnownFileType = wrapper.framework; name = Magnet.framework; path = Carthage/Build/Mac/Magnet.framework; sourceTree = "<group>"; };
		DA3BA98520C151C800AED1A6 /* Magnet.framework.dSYM */ = {isa = PBXFileReference; lastKnownFileType = wrapper.dsym; name = Magnet.framework.dSYM; path = Carthage/Build/Mac/Magnet.framework.dSYM; sourceTree = "<group>"; };
		DA3BA98820C16A3600AED1A6 /* Preferences.storyboard */ = {isa = PBXFileReference; lastKnownFileType = file.storyboard; path = Preferences.storyboard; sourceTree = "<group>"; };
		DA3BA98A20C170B300AED1A6 /* PreferencesViewController.swift */ = {isa = PBXFileReference; lastKnownFileType = sourcecode.swift; path = PreferencesViewController.swift; sourceTree = "<group>"; };
		DA3BA98C20C1721600AED1A6 /* PreferencesWindowController.swift */ = {isa = PBXFileReference; lastKnownFileType = sourcecode.swift; path = PreferencesWindowController.swift; sourceTree = "<group>"; };
		DACE048220C1E96300AEBE55 /* ClipboardHistory.storyboard */ = {isa = PBXFileReference; lastKnownFileType = file.storyboard; path = ClipboardHistory.storyboard; sourceTree = "<group>"; };
		DACE048420C1EE2F00AEBE55 /* ClipboardHistoryViewController.swift */ = {isa = PBXFileReference; lastKnownFileType = sourcecode.swift; path = ClipboardHistoryViewController.swift; sourceTree = "<group>"; };
		DACE048620C1EEBF00AEBE55 /* ClipboardHistoryWindowController.swift */ = {isa = PBXFileReference; lastKnownFileType = sourcecode.swift; path = ClipboardHistoryWindowController.swift; sourceTree = "<group>"; };
/* End PBXFileReference section */

/* Begin PBXFrameworksBuildPhase section */
		DA3BA95C20C049F500AED1A6 /* Frameworks */ = {
			isa = PBXFrameworksBuildPhase;
			buildActionMask = 2147483647;
			files = (
				DA3BA98220C151BB00AED1A6 /* Magnet.framework in Frameworks */,
			);
			runOnlyForDeploymentPostprocessing = 0;
		};
/* End PBXFrameworksBuildPhase section */

/* Begin PBXGroup section */
		DA3BA95620C049F500AED1A6 = {
			isa = PBXGroup;
			children = (
				DACE048120C1E92000AEBE55 /* ClipboardHistoryWindow */,
				DA3BA98720C16A0F00AED1A6 /* PreferencesWindow */,
				DA3BA98520C151C800AED1A6 /* Magnet.framework.dSYM */,
				DA3BA98020C1518A00AED1A6 /* Magnet.framework */,
				DA3BA98120C1519A00AED1A6 /* Magnet.framework */,
				DA3BA96120C049F500AED1A6 /* ClipHistory */,
				DA3BA96020C049F500AED1A6 /* Products */,
			);
			sourceTree = "<group>";
		};
		DA3BA96020C049F500AED1A6 /* Products */ = {
			isa = PBXGroup;
			children = (
				DA3BA95F20C049F500AED1A6 /* ClipHistory.app */,
			);
			name = Products;
			sourceTree = "<group>";
		};
		DA3BA96120C049F500AED1A6 /* ClipHistory */ = {
			isa = PBXGroup;
			children = (
				DA3BA96220C049F500AED1A6 /* AppDelegate.swift */,
				DA3BA96420C049F500AED1A6 /* ViewController.swift */,
				DA3BA96620C049F900AED1A6 /* Assets.xcassets */,
				DA3BA96820C049F900AED1A6 /* Main.storyboard */,
				DA3BA96B20C049F900AED1A6 /* Info.plist */,
				DA3BA96C20C049F900AED1A6 /* ClipHistory.entitlements */,
			);
			path = ClipHistory;
			sourceTree = "<group>";
		};
		DA3BA98720C16A0F00AED1A6 /* PreferencesWindow */ = {
			isa = PBXGroup;
			children = (
				DA3BA98820C16A3600AED1A6 /* Preferences.storyboard */,
				DA3BA98A20C170B300AED1A6 /* PreferencesViewController.swift */,
				DA3BA98C20C1721600AED1A6 /* PreferencesWindowController.swift */,
			);
			path = PreferencesWindow;
			sourceTree = "<group>";
		};
		DACE048120C1E92000AEBE55 /* ClipboardHistoryWindow */ = {
			isa = PBXGroup;
			children = (
				DACE048220C1E96300AEBE55 /* ClipboardHistory.storyboard */,
				DACE048420C1EE2F00AEBE55 /* ClipboardHistoryViewController.swift */,
				DACE048620C1EEBF00AEBE55 /* ClipboardHistoryWindowController.swift */,
			);
			path = ClipboardHistoryWindow;
			sourceTree = "<group>";
		};
/* End PBXGroup section */

/* Begin PBXNativeTarget section */
		DA3BA95E20C049F500AED1A6 /* ClipHistory */ = {
			isa = PBXNativeTarget;
			buildConfigurationList = DA3BA96F20C049F900AED1A6 /* Build configuration list for PBXNativeTarget "ClipHistory" */;
			buildPhases = (
				DA3BA95B20C049F500AED1A6 /* Sources */,
				DA3BA95C20C049F500AED1A6 /* Frameworks */,
				DA3BA95D20C049F500AED1A6 /* Resources */,
				DA3BA97C20C134AB00AED1A6 /* CopyFiles */,
				DA3BA98420C151BB00AED1A6 /* Embed Frameworks */,
			);
			buildRules = (
			);
			dependencies = (
			);
			name = ClipHistory;
			productName = ClipHistory;
			productReference = DA3BA95F20C049F500AED1A6 /* ClipHistory.app */;
			productType = "com.apple.product-type.application";
		};
/* End PBXNativeTarget section */

/* Begin PBXProject section */
		DA3BA95720C049F500AED1A6 /* Project object */ = {
			isa = PBXProject;
			attributes = {
				LastSwiftUpdateCheck = 0930;
				LastUpgradeCheck = 0930;
				ORGANIZATIONNAME = "Paul Nameless";
				TargetAttributes = {
					DA3BA95E20C049F500AED1A6 = {
						CreatedOnToolsVersion = 9.3.1;
					};
				};
			};
			buildConfigurationList = DA3BA95A20C049F500AED1A6 /* Build configuration list for PBXProject "ClipHistory" */;
			compatibilityVersion = "Xcode 9.3";
			developmentRegion = en;
			hasScannedForEncodings = 0;
			knownRegions = (
				en,
				Base,
			);
			mainGroup = DA3BA95620C049F500AED1A6;
			productRefGroup = DA3BA96020C049F500AED1A6 /* Products */;
			projectDirPath = "";
			projectRoot = "";
			targets = (
				DA3BA95E20C049F500AED1A6 /* ClipHistory */,
			);
		};
/* End PBXProject section */

/* Begin PBXResourcesBuildPhase section */
		DA3BA95D20C049F500AED1A6 /* Resources */ = {
			isa = PBXResourcesBuildPhase;
			buildActionMask = 2147483647;
			files = (
				DACE048320C1E96300AEBE55 /* ClipboardHistory.storyboard in Resources */,
				DA3BA98920C16A3600AED1A6 /* Preferences.storyboard in Resources */,
				DA3BA96720C049F900AED1A6 /* Assets.xcassets in Resources */,
				DA3BA96A20C049F900AED1A6 /* Main.storyboard in Resources */,
			);
			runOnlyForDeploymentPostprocessing = 0;
		};
/* End PBXResourcesBuildPhase section */

/* Begin PBXSourcesBuildPhase section */
		DA3BA95B20C049F500AED1A6 /* Sources */ = {
			isa = PBXSourcesBuildPhase;
			buildActionMask = 2147483647;
			files = (
				DA3BA96520C049F500AED1A6 /* ViewController.swift in Sources */,
				DA3BA96320C049F500AED1A6 /* AppDelegate.swift in Sources */,
				DA3BA98D20C1721600AED1A6 /* PreferencesWindowController.swift in Sources */,
				DACE048720C1EEBF00AEBE55 /* ClipboardHistoryWindowController.swift in Sources */,
				DACE048520C1EE2F00AEBE55 /* ClipboardHistoryViewController.swift in Sources */,
				DA3BA98B20C170B300AED1A6 /* PreferencesViewController.swift in Sources */,
			);
			runOnlyForDeploymentPostprocessing = 0;
		};
/* End PBXSourcesBuildPhase section */

/* Begin PBXVariantGroup section */
		DA3BA96820C049F900AED1A6 /* Main.storyboard */ = {
			isa = PBXVariantGroup;
			children = (
				DA3BA96920C049F900AED1A6 /* Base */,
			);
			name = Main.storyboard;
			sourceTree = "<group>";
		};
/* End PBXVariantGroup section */

/* Begin XCBuildConfiguration section */
		DA3BA96D20C049F900AED1A6 /* Debug */ = {
			isa = XCBuildConfiguration;
			buildSettings = {
				ALWAYS_SEARCH_USER_PATHS = NO;
				CLANG_ANALYZER_NONNULL = YES;
				CLANG_ANALYZER_NUMBER_OBJECT_CONVERSION = YES_AGGRESSIVE;
				CLANG_CXX_LANGUAGE_STANDARD = "gnu++14";
				CLANG_CXX_LIBRARY = "libc++";
				CLANG_ENABLE_MODULES = YES;
				CLANG_ENABLE_OBJC_ARC = YES;
				CLANG_ENABLE_OBJC_WEAK = YES;
				CLANG_WARN_BLOCK_CAPTURE_AUTORELEASING = YES;
				CLANG_WARN_BOOL_CONVERSION = YES;
				CLANG_WARN_COMMA = YES;
				CLANG_WARN_CONSTANT_CONVERSION = YES;
				CLANG_WARN_DEPRECATED_OBJC_IMPLEMENTATIONS = YES;
				CLANG_WARN_DIRECT_OBJC_ISA_USAGE = YES_ERROR;
				CLANG_WARN_DOCUMENTATION_COMMENTS = YES;
				CLANG_WARN_EMPTY_BODY = YES;
				CLANG_WARN_ENUM_CONVERSION = YES;
				CLANG_WARN_INFINITE_RECURSION = YES;
				CLANG_WARN_INT_CONVERSION = YES;
				CLANG_WARN_NON_LITERAL_NULL_CONVERSION = YES;
				CLANG_WARN_OBJC_IMPLICIT_RETAIN_SELF = YES;
				CLANG_WARN_OBJC_LITERAL_CONVERSION = YES;
				CLANG_WARN_OBJC_ROOT_CLASS = YES_ERROR;
				CLANG_WARN_RANGE_LOOP_ANALYSIS = YES;
				CLANG_WARN_STRICT_PROTOTYPES = YES;
				CLANG_WARN_SUSPICIOUS_MOVE = YES;
				CLANG_WARN_UNGUARDED_AVAILABILITY = YES_AGGRESSIVE;
				CLANG_WARN_UNREACHABLE_CODE = YES;
				CLANG_WARN__DUPLICATE_METHOD_MATCH = YES;
				CODE_SIGN_IDENTITY = "-";
				COPY_PHASE_STRIP = NO;
				DEBUG_INFORMATION_FORMAT = dwarf;
				ENABLE_STRICT_OBJC_MSGSEND = YES;
				ENABLE_TESTABILITY = YES;
				GCC_C_LANGUAGE_STANDARD = gnu11;
				GCC_DYNAMIC_NO_PIC = NO;
				GCC_NO_COMMON_BLOCKS = YES;
				GCC_OPTIMIZATION_LEVEL = 0;
				GCC_PREPROCESSOR_DEFINITIONS = (
					"DEBUG=1",
					"$(inherited)",
				);
				GCC_WARN_64_TO_32_BIT_CONVERSION = YES;
				GCC_WARN_ABOUT_RETURN_TYPE = YES_ERROR;
				GCC_WARN_UNDECLARED_SELECTOR = YES;
				GCC_WARN_UNINITIALIZED_AUTOS = YES_AGGRESSIVE;
				GCC_WARN_UNUSED_FUNCTION = YES;
				GCC_WARN_UNUSED_VARIABLE = YES;
				MACOSX_DEPLOYMENT_TARGET = 10.13;
				MTL_ENABLE_DEBUG_INFO = YES;
				ONLY_ACTIVE_ARCH = YES;
				SDKROOT = macosx;
				SWIFT_ACTIVE_COMPILATION_CONDITIONS = DEBUG;
				SWIFT_OPTIMIZATION_LEVEL = "-Onone";
			};
			name = Debug;
		};
		DA3BA96E20C049F900AED1A6 /* Release */ = {
			isa = XCBuildConfiguration;
			buildSettings = {
				ALWAYS_SEARCH_USER_PATHS = NO;
				CLANG_ANALYZER_NONNULL = YES;
				CLANG_ANALYZER_NUMBER_OBJECT_CONVERSION = YES_AGGRESSIVE;
				CLANG_CXX_LANGUAGE_STANDARD = "gnu++14";
				CLANG_CXX_LIBRARY = "libc++";
				CLANG_ENABLE_MODULES = YES;
				CLANG_ENABLE_OBJC_ARC = YES;
				CLANG_ENABLE_OBJC_WEAK = YES;
				CLANG_WARN_BLOCK_CAPTURE_AUTORELEASING = YES;
				CLANG_WARN_BOOL_CONVERSION = YES;
				CLANG_WARN_COMMA = YES;
				CLANG_WARN_CONSTANT_CONVERSION = YES;
				CLANG_WARN_DEPRECATED_OBJC_IMPLEMENTATIONS = YES;
				CLANG_WARN_DIRECT_OBJC_ISA_USAGE = YES_ERROR;
				CLANG_WARN_DOCUMENTATION_COMMENTS = YES;
				CLANG_WARN_EMPTY_BODY = YES;
				CLANG_WARN_ENUM_CONVERSION = YES;
				CLANG_WARN_INFINITE_RECURSION = YES;
				CLANG_WARN_INT_CONVERSION = YES;
				CLANG_WARN_NON_LITERAL_NULL_CONVERSION = YES;
				CLANG_WARN_OBJC_IMPLICIT_RETAIN_SELF = YES;
				CLANG_WARN_OBJC_LITERAL_CONVERSION = YES;
				CLANG_WARN_OBJC_ROOT_CLASS = YES_ERROR;
				CLANG_WARN_RANGE_LOOP_ANALYSIS = YES;
				CLANG_WARN_STRICT_PROTOTYPES = YES;
				CLANG_WARN_SUSPICIOUS_MOVE = YES;
				CLANG_WARN_UNGUARDED_AVAILABILITY = YES_AGGRESSIVE;
				CLANG_WARN_UNREACHABLE_CODE = YES;
				CLANG_WARN__DUPLICATE_METHOD_MATCH = YES;
				CODE_SIGN_IDENTITY = "-";
				COPY_PHASE_STRIP = NO;
				DEBUG_INFORMATION_FORMAT = "dwarf-with-dsym";
				ENABLE_NS_ASSERTIONS = NO;
				ENABLE_STRICT_OBJC_MSGSEND = YES;
				GCC_C_LANGUAGE_STANDARD = gnu11;
				GCC_NO_COMMON_BLOCKS = YES;
				GCC_WARN_64_TO_32_BIT_CONVERSION = YES;
				GCC_WARN_ABOUT_RETURN_TYPE = YES_ERROR;
				GCC_WARN_UNDECLARED_SELECTOR = YES;
				GCC_WARN_UNINITIALIZED_AUTOS = YES_AGGRESSIVE;
				GCC_WARN_UNUSED_FUNCTION = YES;
				GCC_WARN_UNUSED_VARIABLE = YES;
				MACOSX_DEPLOYMENT_TARGET = 10.13;
				MTL_ENABLE_DEBUG_INFO = NO;
				SDKROOT = macosx;
				SWIFT_COMPILATION_MODE = wholemodule;
				SWIFT_OPTIMIZATION_LEVEL = "-O";
			};
			name = Release;
		};
		DA3BA97020C049F900AED1A6 /* Debug */ = {
			isa = XCBuildConfiguration;
			buildSettings = {
				ASSETCATALOG_COMPILER_APPICON_NAME = AppIcon;
				CODE_SIGN_ENTITLEMENTS = ClipHistory/ClipHistory.entitlements;
				CODE_SIGN_STYLE = Automatic;
				COMBINE_HIDPI_IMAGES = YES;
				FRAMEWORK_SEARCH_PATHS = (
					"$(inherited)",
					"$(PROJECT_DIR)/Carthage/Build/Mac",
				);
				INFOPLIST_FILE = ClipHistory/Info.plist;
				LD_RUNPATH_SEARCH_PATHS = (
					"$(inherited)",
					"@executable_path/../Frameworks",
				);
				PRODUCT_BUNDLE_IDENTIFIER = "com.paul-nameless.ClipHistory";
				PRODUCT_NAME = "$(TARGET_NAME)";
				SWIFT_VERSION = 4.0;
			};
			name = Debug;
		};
		DA3BA97120C049F900AED1A6 /* Release */ = {
			isa = XCBuildConfiguration;
			buildSettings = {
				ASSETCATALOG_COMPILER_APPICON_NAME = AppIcon;
				CODE_SIGN_ENTITLEMENTS = ClipHistory/ClipHistory.entitlements;
				CODE_SIGN_STYLE = Automatic;
				COMBINE_HIDPI_IMAGES = YES;
				FRAMEWORK_SEARCH_PATHS = (
					"$(inherited)",
					"$(PROJECT_DIR)/Carthage/Build/Mac",
				);
				INFOPLIST_FILE = ClipHistory/Info.plist;
				LD_RUNPATH_SEARCH_PATHS = (
					"$(inherited)",
					"@executable_path/../Frameworks",
				);
				PRODUCT_BUNDLE_IDENTIFIER = "com.paul-nameless.ClipHistory";
				PRODUCT_NAME = "$(TARGET_NAME)";
				SWIFT_VERSION = 4.0;
			};
			name = Release;
		};
/* End XCBuildConfiguration section */

/* Begin XCConfigurationList section */
		DA3BA95A20C049F500AED1A6 /* Build configuration list for PBXProject "ClipHistory" */ = {
			isa = XCConfigurationList;
			buildConfigurations = (
				DA3BA96D20C049F900AED1A6 /* Debug */,
				DA3BA96E20C049F900AED1A6 /* Release */,
			);
			defaultConfigurationIsVisible = 0;
			defaultConfigurationName = Release;
		};
		DA3BA96F20C049F900AED1A6 /* Build configuration list for PBXNativeTarget "ClipHistory" */ = {
			isa = XCConfigurationList;
			buildConfigurations = (
				DA3BA97020C049F900AED1A6 /* Debug */,
				DA3BA97120C049F900AED1A6 /* Release */,
			);
			defaultConfigurationIsVisible = 0;
			defaultConfigurationName = Release;
		};
/* End XCConfigurationList section */
	};
	rootObject = DA3BA95720C049F500AED1A6 /* Project object */;
}
